
Microsoft Visual Studio Solution File, Format Version 12.00
Project("{FAE04EC0-301F-11D3-BF4B-00C04F79EFBC}") = "RoutingWithoutObstacles", "RoutingWithoutObstacles\RoutingWithoutObstacles.csproj", "{04644760-A329-4749-9348-ADB3BB2A4BD8}"
EndProject
Project("{FAE04EC0-301F-11D3-BF4B-00C04F79EFBC}") = "RoutingWithLineObstacle", "RoutingWithLineObstacle\RoutingWithLineObstacle.csproj", "{8F032119-F9C6-48C0-AD0D-2866169B3839}"
EndProject
Global
	GlobalSection(SolutionConfigurationPlatforms) = preSolution
		Debug|Any CPU = Debug|Any CPU
		Release|Any CPU = Release|Any CPU
	EndGlobalSection
	GlobalSection(ProjectConfigurationPlatforms) = postSolution
		{04644760-A329-4749-9348-ADB3BB2A4BD8}.Debug|Any CPU.ActiveCfg = Debug|Any CPU
		{04644760-A329-4749-9348-ADB3BB2A4BD8}.Debug|Any CPU.Build.0 = Debug|Any CPU
		{04644760-A329-4749-9348-ADB3BB2A4BD8}.Release|Any CPU.ActiveCfg = Release|Any CPU
		{04644760-A329-4749-9348-ADB3BB2A4BD8}.Release|Any CPU.Build.0 = Release|Any CPU
		{8F032119-F9C6-48C0-AD0D-2866169B3839}.Debug|Any CPU.ActiveCfg = Debug|Any CPU
		{8F032119-F9C6-48C0-AD0D-2866169B3839}.Debug|Any CPU.Build.0 = Debug|Any CPU
		{8F032119-F9C6-48C0-AD0D-2866169B3839}.Release|Any CPU.ActiveCfg = Release|Any CPU
		{8F032119-F9C6-48C0-AD0D-2866169B3839}.Release|Any CPU.Build.0 = Release|Any CPU
	EndGlobalSection
EndGlobal
